
Microsoft Visual Studio Solution File, Format Version 12.00
# Visual Studio 15
VisualStudioVersion = 15.0.28010.2046
MinimumVisualStudioVersion = 10.0.40219.1
Project("{FAE04EC0-301F-11D3-BF4B-00C04F79EFBC}") = "Neutronium.SPA", "Neutronium.SPA\Neutronium.SPA.csproj", "{333FFFE4-D703-47F5-B560-12C9853FF199}"
EndProject
Global
	GlobalSection(SolutionConfigurationPlatforms) = preSolution
		Debug|Any CPU = Debug|Any CPU
		Debug|x86 = Debug|x86
		Release|Any CPU = Release|Any CPU
		Release|x86 = Release|x86
	EndGlobalSection
	GlobalSection(ProjectConfigurationPlatforms) = postSolution
		{333FFFE4-D703-47F5-B560-12C9853FF199}.Debug|Any CPU.ActiveCfg = Debug|Any CPU
		{333FFFE4-D703-47F5-B560-12C9853FF199}.Debug|Any CPU.Build.0 = Debug|Any CPU
		{333FFFE4-D703-47F5-B560-12C9853FF199}.Debug|x86.ActiveCfg = Debug|x86
		{333FFFE4-D703-47F5-B560-12C9853FF199}.Debug|x86.Build.0 = Debug|x86
		{333FFFE4-D703-47F5-B560-12C9853FF199}.Release|Any CPU.ActiveCfg = Release|Any CPU
		{333FFFE4-D703-47F5-B560-12C9853FF199}.Release|Any CPU.Build.0 = Release|Any CPU
		{333FFFE4-D703-47F5-B560-12C9853FF199}.Release|x86.ActiveCfg = Release|x86
		{333FFFE4-D703-47F5-B560-12C9853FF199}.Release|x86.Build.0 = Release|x86
	EndGlobalSection
	GlobalSection(SolutionProperties) = preSolution
		HideSolutionNode = FALSE
	EndGlobalSection
	GlobalSection(ExtensibilityGlobals) = postSolution
		SolutionGuid = {E2B5AAF7-34EA-4D6A-A5DD-899FCB7110B9}
	EndGlobalSection
EndGlobal
